<?xml version="1.0" encoding="UTF-8"?>
<CONFIG>
  <ProjectOptions>
    <Version Value="12"/>
    <General><MainUnit Value="0"/><Title Value="NexusPackageManagerTests"/><UseAppBundle Value="False"/></General>
    <Units Count="1"><Unit0><Filename Value="NexusPackageManagerTests.lpr"/><IsPartOfProject Value="True"/></Unit0></Units>
  </ProjectOptions>
  <CompilerOptions>
    <Version Value="11"/>
    <Target><Filename Value="../../../output/NexusPackageManagerTests/$(TargetCPU)-$(TargetOS)/NexusPackageManagerTests"/></Target>
    <SearchPaths>
      <IncludeFiles Value="$(ProjOutDir);../../../packages/nexus-packages/gui/external/fpgui/framework/src/main/pascal/corelib;../../../packages/nexus-packages/gui/external/fpgui/framework/src/main/pascal/corelib/gdi;../../../packages/nexus-packages/gui/external/fpgui/framework/src/main/resources"/>
      <OtherUnitFiles Value=".;../src;../../../packages/nexus-packages/nxscript/src;../../../packages/nexus-packages/serialization/src;../../../packages/nexus-packages/serialization/json/src;../../../packages/nexus-packages/db/sqlite/src/bindings;../../../NexusLib/core/src;../../../lib/dmustache;../../../packages/nexus-packages/nxtest/src;../../../packages/nexus-packages/gui/src;../../../packages/nexus-packages/gui/src/vtv;../../../packages/nexus-packages/gui/external/fpgui/framework/src/main/pascal/corelib;../../../packages/nexus-packages/gui/external/fpgui/framework/src/main/pascal/corelib/render/software;../../../packages/nexus-packages/gui/external/fpgui/framework/src/main/pascal/corelib/gdi;../../../packages/nexus-packages/gui/external/fpgui/framework/src/main/pascal/gui;../../../packages/nexus-packages/gui/external/fpgui/framework/src/main/resources"/>
      <UnitOutputDirectory Value="../../../output/NexusPackageManagerTests/$(TargetCPU)-$(TargetOS)/units"/>
    </SearchPaths>
    <Other><CustomOptions Value="-dGDI -gh -gl -Xe"/></Other>
  </CompilerOptions>
</CONFIG>
