<?xml version="1.0" encoding="UTF-8"?>
<CONFIG>
  <ProjectOptions>
    <Version Value="12"/>
    <General><MainUnit Value="0"/><Title Value="nxbuildTests"/><UseAppBundle Value="False"/></General>
    <Units Count="1"><Unit0><Filename Value="nxbuildTests.lpr"/><IsPartOfProject Value="True"/></Unit0></Units>
  </ProjectOptions>
  <CompilerOptions>
    <Version Value="11"/>
    <Target><Filename Value="../../../output/nxbuildTests/$(TargetCPU)-$(TargetOS)/nxbuildTests"/></Target>
    <SearchPaths>
      <OtherUnitFiles Value=".;../src;../../ls/pascal/src/service;../../ls/pascal/src/protocol;../../../packages/nexus-packages/nxscript/src;../../../packages/nexus-packages/nxtest/src;../../../packages/nexus-packages/serialization/src;../../../packages/nexus-packages/serialization/json/src;../../../packages/nexus-packages/network/json-rpc/src;../../../packages/nexus-packages/db/sqlite/src/bindings;../../../NexusLib/core/src;../../../packages/nexus-packages-ext/mustache/external/dmustache;$(LazarusDir)/components/lazutils"/>
      <UnitOutputDirectory Value="../../../output/nxbuildTests/$(TargetCPU)-$(TargetOS)/units"/>
    </SearchPaths>
    <Other><CustomOptions Value="-gh -gl"/></Other>
  </CompilerOptions>
</CONFIG>
