<?xml version="1.0" encoding="UTF-8"?>
<CONFIG>
  <ProjectOptions>
    <Version Value="10"/>
    <PathDelim Value="\"/>
    <General>
      <Flags>
        <MainUnitHasCreateFormStatements Value="False"/>
        <MainUnitHasTitleStatement Value="False"/>
      </Flags>
      <SessionStorage Value="InProjectDir"/>
      <MainUnit Value="0"/>
      <Title Value="NexusSetup"/>
      <UseAppBundle Value="False"/>
      <ResourceType Value="res"/>
    </General>
    <Units Count="2">
      <Unit0>
        <Filename Value="NexusSetup.lpr"/>
        <IsPartOfProject Value="True"/>
      </Unit0>
      <Unit1>
        <Filename Value="src/uiNXSetupMain.pas"/>
        <IsPartOfProject Value="True"/>
      </Unit1>
    </Units>
  </ProjectOptions>
  <CompilerOptions>
    <Version Value="11"/>
    <PathDelim Value="\"/>
    <Target>
      <Filename Value="../../output/NexusSetup/$(TargetCPU)-$(TargetOS)/NexusSetup"/>
    </Target>
    <SearchPaths>
      <IncludeFiles Value="$(ProjOutDir);../../packages/nexus-packages/gui/external/fpgui/framework/src/main/pascal/corelib;../../packages/nexus-packages/gui/external/fpgui/framework/src/main/pascal/corelib/gdi;../../packages/nexus-packages/gui/external/fpgui/framework/src/main/resources"/>
      <OtherUnitFiles Value="src;../../packages/nexus-packages/nxscript/src;../../packages/nexus-packages/serialization/src;../../packages/nexus-packages/serialization/json/src;../../packages/nexus-packages/db/sqlite/src/bindings;../../NexusLib/core/src;../../packages/nexus-packages-ext/mustache/external/dmustache;../../packages/nexus-packages/gui/src;../../packages/nexus-packages/gui/src/vtv;../../packages/nexus-packages/gui/external/fpgui/framework/src/main/pascal/corelib;../../packages/nexus-packages/gui/external/fpgui/framework/src/main/pascal/corelib/render/software;../../packages/nexus-packages/gui/external/fpgui/framework/src/main/pascal/corelib/gdi;../../packages/nexus-packages/gui/external/fpgui/framework/src/main/pascal/gui;../../packages/nexus-packages/gui/external/fpgui/framework/src/main/resources"/>
      <UnitOutputDirectory Value="../../output/NexusSetup/$(TargetCPU)-$(TargetOS)/units"/>
    </SearchPaths>
    <Other>
      <CustomOptions Value="-dGDI -WG -Xe"/>
    </Other>
  </CompilerOptions>
</CONFIG>
