<?xml version="1.0" encoding="UTF-8"?>
<CONFIG>
  <ProjectOptions>
    <Version Value="12"/>
    <PathDelim Value="\"/>
    <General>
      <SessionStorage Value="InProjectDir"/>
      <MainUnit Value="0"/>
      <Title Value="PrunedLazarusSmoke"/>
      <UseAppBundle Value="False"/>
      <ResourceType Value="res"/>
    </General>
    <BuildModes Count="1">
      <Item1 Name="Default" Default="True"/>
    </BuildModes>
    <Units Count="1">
      <Unit0>
        <Filename Value="PrunedLazarusSmoke.lpr"/>
        <IsPartOfProject Value="True"/>
      </Unit0>
    </Units>
    <RequiredPackages Count="1">
      <Item1>
        <PackageName Value="LCL"/>
      </Item1>
    </RequiredPackages>
  </ProjectOptions>
  <CompilerOptions>
    <Version Value="11"/>
    <Target>
      <Filename Value="..\..\..\..\output\PrunedLazarusSmoke\$(TargetCPU)-$(TargetOS)\PrunedLazarusSmoke"/>
    </Target>
    <SearchPaths>
      <UnitOutputDirectory Value="..\..\..\..\output\PrunedLazarusSmoke\$(TargetCPU)-$(TargetOS)\units"/>
    </SearchPaths>
    <Parsing>
      <SyntaxOptions>
        <SyntaxMode Value="ObjFPC"/>
      </SyntaxOptions>
    </Parsing>
  </CompilerOptions>
</CONFIG>
